
Microsoft Visual Studio Solution File, Format Version 12.00
# Visual Studio Version 17
VisualStudioVersion = 17.10.35013.160
MinimumVisualStudioVersion = 10.0.40219.1
Project("{FAE04EC0-301F-11D3-BF4B-00C04F79EFBC}") = "Kriegspieltech.API", "WebApiTest\Kriegspieltech.API.csproj", "{76E2C465-AEEA-4B98-AA97-D18EAA7895CE}"
EndProject
Project("{FAE04EC0-301F-11D3-BF4B-00C04F79EFBC}") = "Kriegspieltech.Domain", "Domain\Kriegspieltech.Domain.csproj", "{627DC43E-711B-43EE-82B2-C49D2BB7A9A8}"
EndProject
Project("{2150E333-8FDC-42A3-9474-1A3956D46DE8}") = "Src", "Src", "{4B47B47D-D183-46D7-95DA-767AD51D72D9}"
EndProject
Project("{2150E333-8FDC-42A3-9474-1A3956D46DE8}") = "Domain", "Domain", "{4C80B828-3FC7-4E0E-B021-F7AB6D663038}"
EndProject
Project("{2150E333-8FDC-42A3-9474-1A3956D46DE8}") = "Infrastructure", "Infrastructure", "{9DADDE1C-7813-4288-B1D7-59F839ECE137}"
EndProject
Project("{2150E333-8FDC-42A3-9474-1A3956D46DE8}") = "Application", "Application", "{A4E94086-AE99-4B7B-9685-0F875AD3839E}"
EndProject
Project("{FAE04EC0-301F-11D3-BF4B-00C04F79EFBC}") = "Kriegspieltech.Application", "Kriegspieltech.Application\Kriegspieltech.Application.csproj", "{94DC8044-6AEE-4157-9E91-9C5EBEAE20BB}"
EndProject
Project("{FAE04EC0-301F-11D3-BF4B-00C04F79EFBC}") = "Kriegspieltech.Infrastructure", "Kriegspieltech.Infrastructure\Kriegspieltech.Infrastructure.csproj", "{4830C6C3-BDC6-4722-BDD1-24E8DBD3DA06}"
EndProject
Project("{2150E333-8FDC-42A3-9474-1A3956D46DE8}") = "Test", "Test", "{77916D5D-2A94-42F2-8B0E-82BDB80BABBC}"
EndProject
Project("{2150E333-8FDC-42A3-9474-1A3956D46DE8}") = "UnitTests", "UnitTests", "{F3448ED0-F448-43A0-AE1B-0A253767EFD9}"
EndProject
Project("{2150E333-8FDC-42A3-9474-1A3956D46DE8}") = "IntegrationTests", "IntegrationTests", "{FA672674-CE94-4662-BCAE-7F1B095500C6}"
EndProject
Project("{FAE04EC0-301F-11D3-BF4B-00C04F79EFBC}") = "Kriegspieltech.Tests.Unit", "Kriegspieltech.Tests.Unit\Kriegspieltech.Tests.Unit.csproj", "{10E38C56-D743-4222-A189-2B36D5DC48B1}"
EndProject
Global
	GlobalSection(SolutionConfigurationPlatforms) = preSolution
		Debug|Any CPU = Debug|Any CPU
		Release|Any CPU = Release|Any CPU
	EndGlobalSection
	GlobalSection(ProjectConfigurationPlatforms) = postSolution
		{76E2C465-AEEA-4B98-AA97-D18EAA7895CE}.Debug|Any CPU.ActiveCfg = Debug|Any CPU
		{76E2C465-AEEA-4B98-AA97-D18EAA7895CE}.Debug|Any CPU.Build.0 = Debug|Any CPU
		{76E2C465-AEEA-4B98-AA97-D18EAA7895CE}.Release|Any CPU.ActiveCfg = Release|Any CPU
		{76E2C465-AEEA-4B98-AA97-D18EAA7895CE}.Release|Any CPU.Build.0 = Release|Any CPU
		{627DC43E-711B-43EE-82B2-C49D2BB7A9A8}.Debug|Any CPU.ActiveCfg = Debug|Any CPU
		{627DC43E-711B-43EE-82B2-C49D2BB7A9A8}.Debug|Any CPU.Build.0 = Debug|Any CPU
		{627DC43E-711B-43EE-82B2-C49D2BB7A9A8}.Release|Any CPU.ActiveCfg = Release|Any CPU
		{627DC43E-711B-43EE-82B2-C49D2BB7A9A8}.Release|Any CPU.Build.0 = Release|Any CPU
		{94DC8044-6AEE-4157-9E91-9C5EBEAE20BB}.Debug|Any CPU.ActiveCfg = Debug|Any CPU
		{94DC8044-6AEE-4157-9E91-9C5EBEAE20BB}.Debug|Any CPU.Build.0 = Debug|Any CPU
		{94DC8044-6AEE-4157-9E91-9C5EBEAE20BB}.Release|Any CPU.ActiveCfg = Release|Any CPU
		{94DC8044-6AEE-4157-9E91-9C5EBEAE20BB}.Release|Any CPU.Build.0 = Release|Any CPU
		{4830C6C3-BDC6-4722-BDD1-24E8DBD3DA06}.Debug|Any CPU.ActiveCfg = Debug|Any CPU
		{4830C6C3-BDC6-4722-BDD1-24E8DBD3DA06}.Debug|Any CPU.Build.0 = Debug|Any CPU
		{4830C6C3-BDC6-4722-BDD1-24E8DBD3DA06}.Release|Any CPU.ActiveCfg = Release|Any CPU
		{4830C6C3-BDC6-4722-BDD1-24E8DBD3DA06}.Release|Any CPU.Build.0 = Release|Any CPU
		{10E38C56-D743-4222-A189-2B36D5DC48B1}.Debug|Any CPU.ActiveCfg = Debug|Any CPU
		{10E38C56-D743-4222-A189-2B36D5DC48B1}.Debug|Any CPU.Build.0 = Debug|Any CPU
		{10E38C56-D743-4222-A189-2B36D5DC48B1}.Release|Any CPU.ActiveCfg = Release|Any CPU
		{10E38C56-D743-4222-A189-2B36D5DC48B1}.Release|Any CPU.Build.0 = Release|Any CPU
	EndGlobalSection
	GlobalSection(SolutionProperties) = preSolution
		HideSolutionNode = FALSE
	EndGlobalSection
	GlobalSection(NestedProjects) = preSolution
		{76E2C465-AEEA-4B98-AA97-D18EAA7895CE} = {4B47B47D-D183-46D7-95DA-767AD51D72D9}
		{627DC43E-711B-43EE-82B2-C49D2BB7A9A8} = {4C80B828-3FC7-4E0E-B021-F7AB6D663038}
		{4C80B828-3FC7-4E0E-B021-F7AB6D663038} = {4B47B47D-D183-46D7-95DA-767AD51D72D9}
		{9DADDE1C-7813-4288-B1D7-59F839ECE137} = {4B47B47D-D183-46D7-95DA-767AD51D72D9}
		{A4E94086-AE99-4B7B-9685-0F875AD3839E} = {4B47B47D-D183-46D7-95DA-767AD51D72D9}
		{94DC8044-6AEE-4157-9E91-9C5EBEAE20BB} = {A4E94086-AE99-4B7B-9685-0F875AD3839E}
		{4830C6C3-BDC6-4722-BDD1-24E8DBD3DA06} = {9DADDE1C-7813-4288-B1D7-59F839ECE137}
		{77916D5D-2A94-42F2-8B0E-82BDB80BABBC} = {4B47B47D-D183-46D7-95DA-767AD51D72D9}
		{F3448ED0-F448-43A0-AE1B-0A253767EFD9} = {77916D5D-2A94-42F2-8B0E-82BDB80BABBC}
		{FA672674-CE94-4662-BCAE-7F1B095500C6} = {77916D5D-2A94-42F2-8B0E-82BDB80BABBC}
		{10E38C56-D743-4222-A189-2B36D5DC48B1} = {F3448ED0-F448-43A0-AE1B-0A253767EFD9}
	EndGlobalSection
	GlobalSection(ExtensibilityGlobals) = postSolution
		SolutionGuid = {84D41BD4-FD78-4FD3-956E-86CDF66D5AFF}
	EndGlobalSection
EndGlobal
